
Microsoft Visual Studio Solution File, Format Version 12.00
# Visual Studio Version 17
VisualStudioVersion = 17.13.35931.197
MinimumVisualStudioVersion = 10.0.40219.1
Project("{2150E333-8FDC-42A3-9474-1A3956D46DE8}") = "Mofy", "Mofy", "{FFE583E8-6B71-49EE-9811-CAB9C409DDE4}"
EndProject
Project("{2150E333-8FDC-42A3-9474-1A3956D46DE8}") = "Core", "Core", "{8572F7FB-8CA5-4271-8B1B-407D27165C71}"
EndProject
Project("{2150E333-8FDC-42A3-9474-1A3956D46DE8}") = "Tests", "Tests", "{811A94B6-E317-4C5C-B046-40995844E4C9}"
EndProject
Project("{FAE04EC0-301F-11D3-BF4B-00C04F79EFBC}") = "IQ.Test", "Tests\IQ.Test\IQ.Test.csproj", "{63549778-1531-4F39-9AE5-1135C7DDC67E}"
EndProject
Project("{2150E333-8FDC-42A3-9474-1A3956D46DE8}") = "Data", "Data", "{E0976926-23EB-4C76-947B-EC9E70CFC6BE}"
EndProject
Project("{2150E333-8FDC-42A3-9474-1A3956D46DE8}") = "Regify", "Regify", "{A60D0B4A-D01B-441E-A66C-D8E40F983C0E}"
EndProject
Project("{FAE04EC0-301F-11D3-BF4B-00C04F79EFBC}") = "IQ.Mofy.Core.Data", "Mofy\Core\Data\IQ.Mofy.Core.Data\IQ.Mofy.Core.Data.csproj", "{C8BE586B-74CA-417C-A9BD-9246E3B49F1D}"
EndProject
Project("{FAE04EC0-301F-11D3-BF4B-00C04F79EFBC}") = "IQ.Mofy.Core.Data.Annotations", "Mofy\Core\Data\IQ.Mofy.Core.Data.Annotations\IQ.Mofy.Core.Data.Annotations.csproj", "{FD2CEE66-2790-4285-9ED3-4F50023C1FF0}"
EndProject
Project("{FAE04EC0-301F-11D3-BF4B-00C04F79EFBC}") = "IQ.Mofy.Core", "Mofy\Core\IQ.Mofy.Core\IQ.Mofy.Core.csproj", "{019EC319-3AFD-4FF5-8D64-2EEFD57A6C90}"
EndProject
Project("{FAE04EC0-301F-11D3-BF4B-00C04F79EFBC}") = "IQ.Mofy.Core.Abstractions", "Mofy\Core\IQ.Mofy.Core.Abstractions\IQ.Mofy.Core.Abstractions.csproj", "{A664C0E3-42DB-4952-82D5-58318E0E8B22}"
EndProject
Project("{FAE04EC0-301F-11D3-BF4B-00C04F79EFBC}") = "IQ.Mofy.Regify", "Mofy\Regify\IQ.Mofy.Regify\IQ.Mofy.Regify.csproj", "{9455E0EC-5AF0-44B3-8098-9EBAAA3817DB}"
EndProject
Project("{2150E333-8FDC-42A3-9474-1A3956D46DE8}") = "Configuration", "Configuration", "{E413A481-2460-49AC-AC6D-0A2E0D3CE2A9}"
EndProject
Project("{FAE04EC0-301F-11D3-BF4B-00C04F79EFBC}") = "IQ.Mofy.Configuration", "Mofy\Configuration\IQ.Mofy.Configuration\IQ.Mofy.Configuration.csproj", "{0AEAEA0C-93C4-45E8-BFB3-97D50BE281CA}"
EndProject
Project("{FAE04EC0-301F-11D3-BF4B-00C04F79EFBC}") = "IQ.WindowsApplication.Test", "Tests\IQ.WindowsApplication.Test\IQ.WindowsApplication.Test.csproj", "{0A98DC60-25A2-4AB3-933F-43A5DFFDD1DC}"
EndProject
Project("{2150E333-8FDC-42A3-9474-1A3956D46DE8}") = "Web", "Web", "{10E1E150-27CB-4A8C-93AE-391505B2A732}"
EndProject
Project("{2150E333-8FDC-42A3-9474-1A3956D46DE8}") = "Api", "Api", "{4674770C-9F9A-486E-9645-FAEDED246622}"
EndProject
Project("{FAE04EC0-301F-11D3-BF4B-00C04F79EFBC}") = "IQ.Mofy.Web.Api", "Mofy\Web\Api\IQ.Mofy.Web.Api\IQ.Mofy.Web.Api.csproj", "{0A57C73C-80C1-4889-9320-5779CAD30C54}"
EndProject
Project("{FAE04EC0-301F-11D3-BF4B-00C04F79EFBC}") = "ConsoleWebApplication", "Tests\ConsoleWebApplication\ConsoleWebApplication.csproj", "{D4C74FAA-0C8C-4667-A9C5-C78071F5E5DD}"
EndProject
Project("{FAE04EC0-301F-11D3-BF4B-00C04F79EFBC}") = "IQ.Mofy.Web", "Mofy\Web\IQ.Mofy.Web\IQ.Mofy.Web.csproj", "{0EF223E9-CAAC-4549-B547-91AF3E054570}"
EndProject
Project("{2150E333-8FDC-42A3-9474-1A3956D46DE8}") = "Data", "Data", "{02EA681E-C7D8-13C7-8484-4AC65E1B71E8}"
EndProject
Project("{FAE04EC0-301F-11D3-BF4B-00C04F79EFBC}") = "IQ.Mofy.Data", "Mofy\Data\IQ.Mofy.Data\IQ.Mofy.Data.csproj", "{78C871D7-1D36-45D1-A3F8-94A57CFF1D1A}"
EndProject
Project("{FAE04EC0-301F-11D3-BF4B-00C04F79EFBC}") = "IQ.Mofy.Data.Abstractions", "Mofy\Data\IQ.Mofy.Data.Abstractions\IQ.Mofy.Data.Abstractions.csproj", "{97F30102-22A9-47D0-B6DC-45759073FF1C}"
EndProject
Global
	GlobalSection(SolutionConfigurationPlatforms) = preSolution
		Debug|Any CPU = Debug|Any CPU
		Release|Any CPU = Release|Any CPU
	EndGlobalSection
	GlobalSection(ProjectConfigurationPlatforms) = postSolution
		{63549778-1531-4F39-9AE5-1135C7DDC67E}.Debug|Any CPU.ActiveCfg = Debug|Any CPU
		{63549778-1531-4F39-9AE5-1135C7DDC67E}.Debug|Any CPU.Build.0 = Debug|Any CPU
		{63549778-1531-4F39-9AE5-1135C7DDC67E}.Release|Any CPU.ActiveCfg = Release|Any CPU
		{63549778-1531-4F39-9AE5-1135C7DDC67E}.Release|Any CPU.Build.0 = Release|Any CPU
		{C8BE586B-74CA-417C-A9BD-9246E3B49F1D}.Debug|Any CPU.ActiveCfg = Debug|Any CPU
		{C8BE586B-74CA-417C-A9BD-9246E3B49F1D}.Debug|Any CPU.Build.0 = Debug|Any CPU
		{C8BE586B-74CA-417C-A9BD-9246E3B49F1D}.Release|Any CPU.ActiveCfg = Release|Any CPU
		{C8BE586B-74CA-417C-A9BD-9246E3B49F1D}.Release|Any CPU.Build.0 = Release|Any CPU
		{FD2CEE66-2790-4285-9ED3-4F50023C1FF0}.Debug|Any CPU.ActiveCfg = Debug|Any CPU
		{FD2CEE66-2790-4285-9ED3-4F50023C1FF0}.Debug|Any CPU.Build.0 = Debug|Any CPU
		{FD2CEE66-2790-4285-9ED3-4F50023C1FF0}.Release|Any CPU.ActiveCfg = Release|Any CPU
		{FD2CEE66-2790-4285-9ED3-4F50023C1FF0}.Release|Any CPU.Build.0 = Release|Any CPU
		{019EC319-3AFD-4FF5-8D64-2EEFD57A6C90}.Debug|Any CPU.ActiveCfg = Debug|Any CPU
		{019EC319-3AFD-4FF5-8D64-2EEFD57A6C90}.Debug|Any CPU.Build.0 = Debug|Any CPU
		{019EC319-3AFD-4FF5-8D64-2EEFD57A6C90}.Release|Any CPU.ActiveCfg = Release|Any CPU
		{019EC319-3AFD-4FF5-8D64-2EEFD57A6C90}.Release|Any CPU.Build.0 = Release|Any CPU
		{A664C0E3-42DB-4952-82D5-58318E0E8B22}.Debug|Any CPU.ActiveCfg = Debug|Any CPU
		{A664C0E3-42DB-4952-82D5-58318E0E8B22}.Debug|Any CPU.Build.0 = Debug|Any CPU
		{A664C0E3-42DB-4952-82D5-58318E0E8B22}.Release|Any CPU.ActiveCfg = Release|Any CPU
		{A664C0E3-42DB-4952-82D5-58318E0E8B22}.Release|Any CPU.Build.0 = Release|Any CPU
		{9455E0EC-5AF0-44B3-8098-9EBAAA3817DB}.Debug|Any CPU.ActiveCfg = Debug|Any CPU
		{9455E0EC-5AF0-44B3-8098-9EBAAA3817DB}.Debug|Any CPU.Build.0 = Debug|Any CPU
		{9455E0EC-5AF0-44B3-8098-9EBAAA3817DB}.Release|Any CPU.ActiveCfg = Release|Any CPU
		{9455E0EC-5AF0-44B3-8098-9EBAAA3817DB}.Release|Any CPU.Build.0 = Release|Any CPU
		{0AEAEA0C-93C4-45E8-BFB3-97D50BE281CA}.Debug|Any CPU.ActiveCfg = Debug|Any CPU
		{0AEAEA0C-93C4-45E8-BFB3-97D50BE281CA}.Debug|Any CPU.Build.0 = Debug|Any CPU
		{0AEAEA0C-93C4-45E8-BFB3-97D50BE281CA}.Release|Any CPU.ActiveCfg = Release|Any CPU
		{0AEAEA0C-93C4-45E8-BFB3-97D50BE281CA}.Release|Any CPU.Build.0 = Release|Any CPU
		{0A98DC60-25A2-4AB3-933F-43A5DFFDD1DC}.Debug|Any CPU.ActiveCfg = Debug|Any CPU
		{0A98DC60-25A2-4AB3-933F-43A5DFFDD1DC}.Debug|Any CPU.Build.0 = Debug|Any CPU
		{0A98DC60-25A2-4AB3-933F-43A5DFFDD1DC}.Release|Any CPU.ActiveCfg = Release|Any CPU
		{0A98DC60-25A2-4AB3-933F-43A5DFFDD1DC}.Release|Any CPU.Build.0 = Release|Any CPU
		{0A57C73C-80C1-4889-9320-5779CAD30C54}.Debug|Any CPU.ActiveCfg = Debug|Any CPU
		{0A57C73C-80C1-4889-9320-5779CAD30C54}.Debug|Any CPU.Build.0 = Debug|Any CPU
		{0A57C73C-80C1-4889-9320-5779CAD30C54}.Release|Any CPU.ActiveCfg = Release|Any CPU
		{0A57C73C-80C1-4889-9320-5779CAD30C54}.Release|Any CPU.Build.0 = Release|Any CPU
		{D4C74FAA-0C8C-4667-A9C5-C78071F5E5DD}.Debug|Any CPU.ActiveCfg = Debug|Any CPU
		{D4C74FAA-0C8C-4667-A9C5-C78071F5E5DD}.Debug|Any CPU.Build.0 = Debug|Any CPU
		{D4C74FAA-0C8C-4667-A9C5-C78071F5E5DD}.Release|Any CPU.ActiveCfg = Release|Any CPU
		{D4C74FAA-0C8C-4667-A9C5-C78071F5E5DD}.Release|Any CPU.Build.0 = Release|Any CPU
		{0EF223E9-CAAC-4549-B547-91AF3E054570}.Debug|Any CPU.ActiveCfg = Debug|Any CPU
		{0EF223E9-CAAC-4549-B547-91AF3E054570}.Debug|Any CPU.Build.0 = Debug|Any CPU
		{0EF223E9-CAAC-4549-B547-91AF3E054570}.Release|Any CPU.ActiveCfg = Release|Any CPU
		{0EF223E9-CAAC-4549-B547-91AF3E054570}.Release|Any CPU.Build.0 = Release|Any CPU
		{78C871D7-1D36-45D1-A3F8-94A57CFF1D1A}.Debug|Any CPU.ActiveCfg = Debug|Any CPU
		{78C871D7-1D36-45D1-A3F8-94A57CFF1D1A}.Debug|Any CPU.Build.0 = Debug|Any CPU
		{78C871D7-1D36-45D1-A3F8-94A57CFF1D1A}.Release|Any CPU.ActiveCfg = Release|Any CPU
		{78C871D7-1D36-45D1-A3F8-94A57CFF1D1A}.Release|Any CPU.Build.0 = Release|Any CPU
		{97F30102-22A9-47D0-B6DC-45759073FF1C}.Debug|Any CPU.ActiveCfg = Debug|Any CPU
		{97F30102-22A9-47D0-B6DC-45759073FF1C}.Debug|Any CPU.Build.0 = Debug|Any CPU
		{97F30102-22A9-47D0-B6DC-45759073FF1C}.Release|Any CPU.ActiveCfg = Release|Any CPU
		{97F30102-22A9-47D0-B6DC-45759073FF1C}.Release|Any CPU.Build.0 = Release|Any CPU
	EndGlobalSection
	GlobalSection(SolutionProperties) = preSolution
		HideSolutionNode = FALSE
	EndGlobalSection
	GlobalSection(NestedProjects) = preSolution
		{8572F7FB-8CA5-4271-8B1B-407D27165C71} = {FFE583E8-6B71-49EE-9811-CAB9C409DDE4}
		{63549778-1531-4F39-9AE5-1135C7DDC67E} = {811A94B6-E317-4C5C-B046-40995844E4C9}
		{E0976926-23EB-4C76-947B-EC9E70CFC6BE} = {8572F7FB-8CA5-4271-8B1B-407D27165C71}
		{A60D0B4A-D01B-441E-A66C-D8E40F983C0E} = {FFE583E8-6B71-49EE-9811-CAB9C409DDE4}
		{C8BE586B-74CA-417C-A9BD-9246E3B49F1D} = {E0976926-23EB-4C76-947B-EC9E70CFC6BE}
		{FD2CEE66-2790-4285-9ED3-4F50023C1FF0} = {E0976926-23EB-4C76-947B-EC9E70CFC6BE}
		{019EC319-3AFD-4FF5-8D64-2EEFD57A6C90} = {8572F7FB-8CA5-4271-8B1B-407D27165C71}
		{A664C0E3-42DB-4952-82D5-58318E0E8B22} = {8572F7FB-8CA5-4271-8B1B-407D27165C71}
		{9455E0EC-5AF0-44B3-8098-9EBAAA3817DB} = {A60D0B4A-D01B-441E-A66C-D8E40F983C0E}
		{E413A481-2460-49AC-AC6D-0A2E0D3CE2A9} = {FFE583E8-6B71-49EE-9811-CAB9C409DDE4}
		{0AEAEA0C-93C4-45E8-BFB3-97D50BE281CA} = {E413A481-2460-49AC-AC6D-0A2E0D3CE2A9}
		{0A98DC60-25A2-4AB3-933F-43A5DFFDD1DC} = {811A94B6-E317-4C5C-B046-40995844E4C9}
		{10E1E150-27CB-4A8C-93AE-391505B2A732} = {FFE583E8-6B71-49EE-9811-CAB9C409DDE4}
		{4674770C-9F9A-486E-9645-FAEDED246622} = {10E1E150-27CB-4A8C-93AE-391505B2A732}
		{0A57C73C-80C1-4889-9320-5779CAD30C54} = {4674770C-9F9A-486E-9645-FAEDED246622}
		{D4C74FAA-0C8C-4667-A9C5-C78071F5E5DD} = {811A94B6-E317-4C5C-B046-40995844E4C9}
		{0EF223E9-CAAC-4549-B547-91AF3E054570} = {10E1E150-27CB-4A8C-93AE-391505B2A732}
		{02EA681E-C7D8-13C7-8484-4AC65E1B71E8} = {FFE583E8-6B71-49EE-9811-CAB9C409DDE4}
		{78C871D7-1D36-45D1-A3F8-94A57CFF1D1A} = {02EA681E-C7D8-13C7-8484-4AC65E1B71E8}
		{97F30102-22A9-47D0-B6DC-45759073FF1C} = {02EA681E-C7D8-13C7-8484-4AC65E1B71E8}
	EndGlobalSection
	GlobalSection(ExtensibilityGlobals) = postSolution
		SolutionGuid = {ED99A7FC-0BA4-4D95-8915-3F4CE83091BC}
	EndGlobalSection
EndGlobal
